# @generated - this file is auto-generated by `mise lock` https://mise.jdx.dev/dev-tools/mise-lock.html

lockfile_version = 3

[[tools."github:preloopdev/preloop"]]
version = "0.33.7"
backend = "github:preloopdev/preloop"
specifiers = ["0.33.7"]

[tools."github:preloopdev/preloop"."platforms.linux-arm64"]
checksum = "sha256:0cd5390aa80a8fda1b3cf26fc67e2e8c2e6fd752ea198f543e9583aea1ee4d7b"
url = "https://github.com/preloopdev/preloop/releases/download/v0.33.7/preloop-cli-aarch64-unknown-linux-gnu.tar.gz"
url_api = "https://api.github.com/repos/preloopdev/preloop/releases/assets/595346041"
provenance = "github-attestations"

[tools."github:preloopdev/preloop"."platforms.linux-arm64-musl"]
checksum = "sha256:aaf21662e52b812133bab292378f66ec22db65449019ab282613b38605b864dc"
url = "https://github.com/preloopdev/preloop/releases/download/v0.33.7/preloop-aarch64-linux-musl.tar.gz"
url_api = "https://api.github.com/repos/preloopdev/preloop/releases/assets/595368194"

[tools."github:preloopdev/preloop"."platforms.linux-x64"]
checksum = "sha256:cb2e99f32415edb7e05994c3056e5933e1ff257613f34d6fcba57aabdf19d487"
url = "https://github.com/preloopdev/preloop/releases/download/v0.33.7/preloop-cli-x86_64-unknown-linux-gnu.tar.gz"
url_api = "https://api.github.com/repos/preloopdev/preloop/releases/assets/595346166"
provenance = "github-attestations"

[tools."github:preloopdev/preloop"."platforms.linux-x64-musl"]
checksum = "sha256:a1c9478ad6c84307c51bab4bfb4223334c8afe7b643584ea2293d446dd89175f"
url = "https://github.com/preloopdev/preloop/releases/download/v0.33.7/preloop-x86_64-linux-musl.tar.gz"
url_api = "https://api.github.com/repos/preloopdev/preloop/releases/assets/595368314"

[tools."github:preloopdev/preloop"."platforms.macos-arm64"]
checksum = "sha256:de69831cb41d4e8001468689f0a8f5c3ff8b77a09f7338647df65d1778b22be0"
url = "https://github.com/preloopdev/preloop/releases/download/v0.33.7/preloop-cli-aarch64-apple-darwin.tar.gz"
url_api = "https://api.github.com/repos/preloopdev/preloop/releases/assets/595346005"
provenance = "github-attestations"

[tools."github:preloopdev/preloop"."platforms.macos-x64"]
checksum = "sha256:9ea73197a9225e8e9d720d8b900cdab7dc6f6303c5c3dd39ae00818e2abca5ca"
url = "https://github.com/preloopdev/preloop/releases/download/v0.33.7/preloop-cli-x86_64-apple-darwin.tar.gz"
url_api = "https://api.github.com/repos/preloopdev/preloop/releases/assets/595346131"
provenance = "github-attestations"

[tools."github:preloopdev/preloop"."platforms.windows-x64"]
checksum = "sha256:4aa5a7852d12a074ad6fb42539dd9a2ee219a89ca9747bb822f1635321134d0a"
url = "https://github.com/preloopdev/preloop/releases/download/v0.33.7/preloop-runner-x86_64-pc-windows-msvc.exe"
url_api = "https://api.github.com/repos/preloopdev/preloop/releases/assets/595359901"

[[tools.node]]
version = "24.14.0"
backend = "core:node"
specifiers = ["24.14.0"]

[tools.node."platforms.linux-arm64"]
checksum = "sha256:f44740cd218de8127f1c44c41510a3a740fa5c9c8d1cdce1c3bedada79f3cde7"
url = "https://nodejs.org/dist/v24.14.0/node-v24.14.0-linux-arm64.tar.gz"

[tools.node."platforms.linux-arm64-musl"]
checksum = "sha256:8f81d47b7f443455709d44eae8669591de2e58b37d3c2cb0aec667b6e6f826c1"
url = "https://unofficial-builds.nodejs.org/download/release/v24.14.0/node-v24.14.0-linux-arm64-musl.tar.gz"

[tools.node."platforms.linux-x64"]
checksum = "sha256:dbf5b8665dec15e59e6359a517fefb47b23fdb9152d8def975b9bca3dfc6d355"
url = "https://nodejs.org/dist/v24.14.0/node-v24.14.0-linux-x64.tar.gz"

[tools.node."platforms.linux-x64-musl"]
checksum = "sha256:bae0f2320448d5c744bcd4878081b483194d8b0f0eaab2b37d7f81df739c5a95"
url = "https://unofficial-builds.nodejs.org/download/release/v24.14.0/node-v24.14.0-linux-x64-musl.tar.gz"

[tools.node."platforms.macos-arm64"]
checksum = "sha256:a1a54f46a750d2523d628d924aab61758a51c9dad3e0238beb14141be9615dd3"
url = "https://nodejs.org/dist/v24.14.0/node-v24.14.0-darwin-arm64.tar.gz"

[tools.node."platforms.macos-x64"]
checksum = "sha256:f2879eb810e25993a0578e5d878930266fd2eafcffe9f2839b3d8db354d4879e"
url = "https://nodejs.org/dist/v24.14.0/node-v24.14.0-darwin-x64.tar.gz"

[tools.node."platforms.windows-x64"]
checksum = "sha256:313fa40c0d7b18575821de8cb17483031fe07d95de5994f6f435f3b345f85c66"
url = "https://nodejs.org/dist/v24.14.0/node-v24.14.0-win-x64.zip"

[[tools.pnpm]]
version = "10.30.3"
backend = "aqua:pnpm/pnpm"
specifiers = ["10.30.3"]

[tools.pnpm."platforms.linux-arm64"]
checksum = "sha256:9488f48d6967bfa8f5ebc5c077aae297d2fe25287697b4c8edf991ff945d8af7"
url = "https://github.com/pnpm/pnpm/releases/download/v10.30.3/pnpm-linux-arm64"
url_api = "https://api.github.com/repos/pnpm/pnpm/releases/assets/362742325"

[tools.pnpm."platforms.linux-arm64-musl"]
checksum = "sha256:9488f48d6967bfa8f5ebc5c077aae297d2fe25287697b4c8edf991ff945d8af7"
url = "https://github.com/pnpm/pnpm/releases/download/v10.30.3/pnpm-linux-arm64"
url_api = "https://api.github.com/repos/pnpm/pnpm/releases/assets/362742325"

[tools.pnpm."platforms.linux-x64"]
checksum = "sha256:5dc971e801610471b5cd6729ba289531be6695bd50d5e833fe22b18896b13a06"
url = "https://github.com/pnpm/pnpm/releases/download/v10.30.3/pnpm-linux-x64"
url_api = "https://api.github.com/repos/pnpm/pnpm/releases/assets/362742326"

[tools.pnpm."platforms.linux-x64-musl"]
checksum = "sha256:5dc971e801610471b5cd6729ba289531be6695bd50d5e833fe22b18896b13a06"
url = "https://github.com/pnpm/pnpm/releases/download/v10.30.3/pnpm-linux-x64"
url_api = "https://api.github.com/repos/pnpm/pnpm/releases/assets/362742326"

[tools.pnpm."platforms.macos-arm64"]
checksum = "sha256:ccfb6e54fe29d13715e2fe418ef0374cde5a7f68b95f5ed5da5f564886af9d17"
url = "https://github.com/pnpm/pnpm/releases/download/v10.30.3/pnpm-macos-arm64"
url_api = "https://api.github.com/repos/pnpm/pnpm/releases/assets/362742324"

[tools.pnpm."platforms.macos-x64"]
checksum = "sha256:d9be0fd3989c09f5abf7e52f10d8d0294f757af61bbbd59727d607c85205a788"
url = "https://github.com/pnpm/pnpm/releases/download/v10.30.3/pnpm-macos-x64"
url_api = "https://api.github.com/repos/pnpm/pnpm/releases/assets/362742327"

[tools.pnpm."platforms.windows-x64"]
checksum = "sha256:de8337a864056472542b951ab23ad54149cc63127bb2faf3175b7902b764f188"
url = "https://github.com/pnpm/pnpm/releases/download/v10.30.3/pnpm-win-x64.exe"
url_api = "https://api.github.com/repos/pnpm/pnpm/releases/assets/362742329"

[[tools.terraform]]
version = "1.16.4"
backend = "aqua:hashicorp/terraform"
specifiers = ["1.16.4"]

[tools.terraform."platforms.linux-arm64"]
checksum = "sha256:8263f301cb1a24489a4adeed147bf28504053f77237b3ea97a0ef2972659de30"
url = "https://releases.hashicorp.com/terraform/1.16.4/terraform_1.16.4_linux_arm64.zip"

[tools.terraform."platforms.linux-arm64-musl"]
checksum = "sha256:8263f301cb1a24489a4adeed147bf28504053f77237b3ea97a0ef2972659de30"
url = "https://releases.hashicorp.com/terraform/1.16.4/terraform_1.16.4_linux_arm64.zip"

[tools.terraform."platforms.linux-x64"]
checksum = "sha256:dc94af0eef1147718ad7c8daea792ed199e3e0492eec180d0adafa2a65a879df"
url = "https://releases.hashicorp.com/terraform/1.16.4/terraform_1.16.4_linux_amd64.zip"

[tools.terraform."platforms.linux-x64-musl"]
checksum = "sha256:dc94af0eef1147718ad7c8daea792ed199e3e0492eec180d0adafa2a65a879df"
url = "https://releases.hashicorp.com/terraform/1.16.4/terraform_1.16.4_linux_amd64.zip"

[tools.terraform."platforms.macos-arm64"]
checksum = "sha256:42cfdf97ad722f79085fe2279b06d4b8680172de3534b22eeddd9a0fbbe7b8f1"
url = "https://releases.hashicorp.com/terraform/1.16.4/terraform_1.16.4_darwin_arm64.zip"

[tools.terraform."platforms.macos-x64"]
checksum = "sha256:2ee4b62064086e4b24b0d6cf2e61718fbaf0556feba990f708a5e32557554b3b"
url = "https://releases.hashicorp.com/terraform/1.16.4/terraform_1.16.4_darwin_amd64.zip"

[tools.terraform."platforms.windows-x64"]
checksum = "sha256:5c736ed6b0f13e98bc5029fe159574cca33634c3477466c56442c28b513a7054"
url = "https://releases.hashicorp.com/terraform/1.16.4/terraform_1.16.4_windows_amd64.zip"
